{
	"requires": true,
	"lockfileVersion": 1,
	"dependencies": {
		"credit-card": {
			"version": "3.0.1",
			"resolved": "https://registry.npmjs.org/credit-card/-/credit-card-3.0.1.tgz",
			"integrity": "sha1-uY842UrfMnXxQJHYvSzRQcx4nFY=",
			"requires": {
				"lodash.merge": "4.6.0",
				"reach": "1.0.0"
			}
		},
		"lodash.merge": {
			"version": "4.6.0",
			"resolved": "https://registry.npmjs.org/lodash.merge/-/lodash.merge-4.6.0.tgz",
			"integrity": "sha1-aYhLoUSsM/5plzemCG3v+t0PicU="
		},
		"reach": {
			"version": "1.0.0",
			"resolved": "https://registry.npmjs.org/reach/-/reach-1.0.0.tgz",
			"integrity": "sha1-TRLRYJYLysZ9xiTw+Ruv6zb3lPY="
		}
	}
}
