{
  "name": "graphql-types-drivers-license",
  "version": "0.0.1",
  "lockfileVersion": 1,
  "requires": true,
  "dependencies": {
    "morphmorph": {
      "version": "0.0.2",
      "resolved": "https://registry.npmjs.org/morphmorph/-/morphmorph-0.0.2.tgz",
      "integrity": "sha512-fFbTvWrOjN2ZmzDq5zhQhcCesL9rLNFPBvAjx3B9jEMYVf2g/fQWS2BC5ctvQA5MwjDpbPI51Ux45GPc1Yzx4A=="
    },
    "rexrex": {
      "version": "1.0.2",
      "resolved": "https://registry.npmjs.org/rexrex/-/rexrex-1.0.2.tgz",
      "integrity": "sha512-VhP8Hljl1qc3w5lDNkq/sev0WNoa9IktrGWm4xK5C0D+/wX6VyL4iluE60vj9lyvrRT7Qm7acfxy2ERZ8tB9uw=="
    }
  }
}
