{
  "requires": true,
  "lockfileVersion": 1,
  "dependencies": {
    "graphql": {
      "version": "0.11.3",
      "resolved": "https://registry.npmjs.org/graphql/-/graphql-0.11.3.tgz",
      "integrity": "sha512-/WGU673BlQaCw3gDECmqL5+l8kg4Sm3XHvuzPtZLiI/y8Xm7fKq+C0mtJmAImuHJvTBsMtCuX/R9BUQqPm4tzw==",
      "requires": {
        "iterall": "1.1.1"
      }
    },
    "iterall": {
      "version": "1.1.1",
      "resolved": "https://registry.npmjs.org/iterall/-/iterall-1.1.1.tgz",
      "integrity": "sha1-9/CvEemgTsZCYmD1AZ2fzKTVAhQ="
    },
    "rexrex": {
      "version": "1.0.2",
      "resolved": "https://registry.npmjs.org/rexrex/-/rexrex-1.0.2.tgz",
      "integrity": "sha512-VhP8Hljl1qc3w5lDNkq/sev0WNoa9IktrGWm4xK5C0D+/wX6VyL4iluE60vj9lyvrRT7Qm7acfxy2ERZ8tB9uw=="
    }
  }
}
