{
  "name": "graphql-types-drivers-license",
  "version": "0.0.1",
  "lockfileVersion": 1,
  "requires": true,
  "dependencies": {
    "graphql-types-us-state": {
      "version": "0.2.7",
      "resolved": "https://registry.npmjs.org/graphql-types-us-state/-/graphql-types-us-state-0.2.7.tgz",
      "integrity": "sha512-Yv0U3y/xocdOov44qrDHPWDUT8fM+irfEXFRCSdZxVA90+sqy2R/WmoJ3PfuTKwRzu9v2I3SsCEiEJ8p6FTH9w=="
    },
    "rexrex": {
      "version": "1.0.2",
      "resolved": "https://registry.npmjs.org/rexrex/-/rexrex-1.0.2.tgz",
      "integrity": "sha512-VhP8Hljl1qc3w5lDNkq/sev0WNoa9IktrGWm4xK5C0D+/wX6VyL4iluE60vj9lyvrRT7Qm7acfxy2ERZ8tB9uw=="
    }
  }
}
